PODS:
  - A0Auth0 (3.2.1):
    - Auth0 (= 2.7.2)
    - JWTDecode (= 3.1.0)
    - React-Core
    - SimpleKeychain (= 1.1.0)
  - Auth0 (2.7.2):
    - JWTDecode (~> 3.1)
    - SimpleKeychain (~> 1.1)
  - boost (1.83.0)
  - BVLinearGradient (2.8.3):
    - React-Core
  - DoubleConversion (1.1.6)
  - FBLazyVector (0.74.3)
  - fmt (9.1.0)
  - glog (0.3.5)
  - hermes-engine (0.74.3):
    - hermes-engine/Pre-built (= 0.74.3)
  - hermes-engine/Pre-built (0.74.3)
  - JWTDecode (3.1.0)
  - lottie-ios (4.4.1)
  - lottie-react-native (6.7.2):
    - DoubleConversion
    - glog
    - hermes-engine
    - lottie-ios (= 4.4.1)
    - RCT-Folly (= 2024.01.01.00)
    - RCTRequired
    - RCTTypeSafety
    - React-Codegen
    - React-Core
    - React-debug
    - React-Fabric
    - React-featureflags
    - React-graphics
    - React-ImageManager
    - React-NativeModulesApple
    - React-RCTFabric
    - React-rendererdebug
    - React-utils
    - ReactCommon/turbomodule/bridging
    - ReactCommon/turbomodule/core
    - Yoga
  - MapboxCommon (23.11.0)
  - MapboxCoreMaps (10.19.1):
    - MapboxCommon (~> 23.11)
  - MapboxMaps (10.19.0):
    - MapboxCommon (= 23.11.0)
    - MapboxCoreMaps (= 10.19.1)
    - MapboxMobileEvents (= 2.0.0)
    - Turf (= 2.8.0)
  - MapboxMobileEvents (2.0.0)
  - OneSignalXCFramework (3.12.10):
    - OneSignalXCFramework/OneSignalCore (= 3.12.10)
    - OneSignalXCFramework/OneSignalExtension (= 3.12.10)
    - OneSignalXCFramework/OneSignalOutcomes (= 3.12.10)
  - OneSignalXCFramework/OneSignalCore (3.12.10)
  - OneSignalXCFramework/OneSignalExtension (3.12.10):
    - OneSignalXCFramework/OneSignalCore
    - OneSignalXCFramework/OneSignalOutcomes
  - OneSignalXCFramework/OneSignalOutcomes (3.12.10):
    - OneSignalXCFramework/OneSignalCore
  - RCT-Folly (2024.01.01.00):
    - boost
    - DoubleConversion
    - fmt (= 9.1.0)
    - glog
    - RCT-Folly/Default (= 2024.01.01.00)
  - RCT-Folly/Default (2024.01.01.00):
    - boost
    - DoubleConversion
    - fmt (= 9.1.0)
    - glog
  - RCT-Folly/Fabric (2024.01.01.00):
    - boost
    - DoubleConversion
    - fmt (= 9.1.0)
    - glog
  - RCTDeprecation (0.74.3)
  - RCTRequired (0.74.3)
  - RCTTypeSafety (0.74.3):
    - FBLazyVector (= 0.74.3)
    - RCTRequired (= 0.74.3)
    - React-Core (= 0.74.3)
  - React (0.74.3):
    - React-Core (= 0.74.3)
    - React-Core/DevSupport (= 0.74.3)
    - React-Core/RCTWebSocket (= 0.74.3)
    - React-RCTActionSheet (= 0.74.3)
    - React-RCTAnimation (= 0.74.3)
    - React-RCTBlob (= 0.74.3)
    - React-RCTImage (= 0.74.3)
    - React-RCTLinking (= 0.74.3)
    - React-RCTNetwork (= 0.74.3)
    - React-RCTSettings (= 0.74.3)
    - React-RCTText (= 0.74.3)
    - React-RCTVibration (= 0.74.3)
  - React-callinvoker (0.74.3)
  - React-Codegen (0.74.3):
    - DoubleConversion
    - glog
    - hermes-engine
    - RCT-Folly
    - RCTRequired
    - RCTTypeSafety
    - React-Core
    - React-debug
    - React-Fabric
    - React-FabricImage
    - React-featureflags
    - React-graphics
    - React-jsi
    - React-jsiexecutor
    - React-NativeModulesApple
    - React-rendererdebug
    - React-utils
    - ReactCommon/turbomodule/bridging
    - ReactCommon/turbomodule/core
  - React-Core (0.74.3):
    - glog
    - hermes-engine
    - RCT-Folly (= 2024.01.01.00)
    - RCTDeprecation
    - React-Core/Default (= 0.74.3)
    - React-cxxreact
    - React-featureflags
    - React-hermes
    - React-jsi
    - React-jsiexecutor
    - React-jsinspector
    - React-perflogger
    - React-runtimescheduler
    - React-utils
    - SocketRocket (= 0.7.0)
    - Yoga
  - React-Core/CoreModulesHeaders (0.74.3):
    - glog
    - hermes-engine
    - RCT-Folly (= 2024.01.01.00)
    - RCTDeprecation
    - React-Core/Default
    - React-cxxreact
    - React-featureflags
    - React-hermes
    - React-jsi
    - React-jsiexecutor
    - React-jsinspector
    - React-perflogger
    - React-runtimescheduler
    - React-utils
    - SocketRocket (= 0.7.0)
    - Yoga
  - React-Core/Default (0.74.3):
    - glog
    - hermes-engine
    - RCT-Folly (= 2024.01.01.00)
    - RCTDeprecation
    - React-cxxreact
    - React-featureflags
    - React-hermes
    - React-jsi
    - React-jsiexecutor
    - React-jsinspector
    - React-perflogger
    - React-runtimescheduler
    - React-utils
    - SocketRocket (= 0.7.0)
    - Yoga
  - React-Core/DevSupport (0.74.3):
    - glog
    - hermes-engine
    - RCT-Folly (= 2024.01.01.00)
    - RCTDeprecation
    - React-Core/Default (= 0.74.3)
    - React-Core/RCTWebSocket (= 0.74.3)
    - React-cxxreact
    - React-featureflags
    - React-hermes
    - React-jsi
    - React-jsiexecutor
    - React-jsinspector
    - React-perflogger
    - React-runtimescheduler
    - React-utils
    - SocketRocket (= 0.7.0)
    - Yoga
  - React-Core/RCTActionSheetHeaders (0.74.3):
    - glog
    - hermes-engine
    - RCT-Folly (= 2024.01.01.00)
    - RCTDeprecation
    - React-Core/Default
    - React-cxxreact
    - React-featureflags
    - React-hermes
    - React-jsi
    - React-jsiexecutor
    - React-jsinspector
    - React-perflogger
    - React-runtimescheduler
    - React-utils
    - SocketRocket (= 0.7.0)
    - Yoga
  - React-Core/RCTAnimationHeaders (0.74.3):
    - glog
    - hermes-engine
    - RCT-Folly (= 2024.01.01.00)
    - RCTDeprecation
    - React-Core/Default
    - React-cxxreact
    - React-featureflags
    - React-hermes
    - React-jsi
    - React-jsiexecutor
    - React-jsinspector
    - React-perflogger
    - React-runtimescheduler
    - React-utils
    - SocketRocket (= 0.7.0)
    - Yoga
  - React-Core/RCTBlobHeaders (0.74.3):
    - glog
    - hermes-engine
    - RCT-Folly (= 2024.01.01.00)
    - RCTDeprecation
    - React-Core/Default
    - React-cxxreact
    - React-featureflags
    - React-hermes
    - React-jsi
    - React-jsiexecutor
    - React-jsinspector
    - React-perflogger
    - React-runtimescheduler
    - React-utils
    - SocketRocket (= 0.7.0)
    - Yoga
  - React-Core/RCTImageHeaders (0.74.3):
    - glog
    - hermes-engine
    - RCT-Folly (= 2024.01.01.00)
    - RCTDeprecation
    - React-Core/Default
    - React-cxxreact
    - React-featureflags
    - React-hermes
    - React-jsi
    - React-jsiexecutor
    - React-jsinspector
    - React-perflogger
    - React-runtimescheduler
    - React-utils
    - SocketRocket (= 0.7.0)
    - Yoga
  - React-Core/RCTLinkingHeaders (0.74.3):
    - glog
    - hermes-engine
    - RCT-Folly (= 2024.01.01.00)
    - RCTDeprecation
    - React-Core/Default
    - React-cxxreact
    - React-featureflags
    - React-hermes
    - React-jsi
    - React-jsiexecutor
    - React-jsinspector
    - React-perflogger
    - React-runtimescheduler
    - React-utils
    - SocketRocket (= 0.7.0)
    - Yoga
  - React-Core/RCTNetworkHeaders (0.74.3):
    - glog
    - hermes-engine
    - RCT-Folly (= 2024.01.01.00)
    - RCTDeprecation
    - React-Core/Default
    - React-cxxreact
    - React-featureflags
    - React-hermes
    - React-jsi
    - React-jsiexecutor
    - React-jsinspector
    - React-perflogger
    - React-runtimescheduler
    - React-utils
    - SocketRocket (= 0.7.0)
    - Yoga
  - React-Core/RCTSettingsHeaders (0.74.3):
    - glog
    - hermes-engine
    - RCT-Folly (= 2024.01.01.00)
    - RCTDeprecation
    - React-Core/Default
    - React-cxxreact
    - React-featureflags
    - React-hermes
    - React-jsi
    - React-jsiexecutor
    - React-jsinspector
    - React-perflogger
    - React-runtimescheduler
    - React-utils
    - SocketRocket (= 0.7.0)
    - Yoga
  - React-Core/RCTTextHeaders (0.74.3):
    - glog
    - hermes-engine
    - RCT-Folly (= 2024.01.01.00)
    - RCTDeprecation
    - React-Core/Default
    - React-cxxreact
    - React-featureflags
    - React-hermes
    - React-jsi
    - React-jsiexecutor
    - React-jsinspector
    - React-perflogger
    - React-runtimescheduler
    - React-utils
    - SocketRocket (= 0.7.0)
    - Yoga
  - React-Core/RCTVibrationHeaders (0.74.3):
    - glog
    - hermes-engine
    - RCT-Folly (= 2024.01.01.00)
    - RCTDeprecation
    - React-Core/Default
    - React-cxxreact
    - React-featureflags
    - React-hermes
    - React-jsi
    - React-jsiexecutor
    - React-jsinspector
    - React-perflogger
    - React-runtimescheduler
    - React-utils
    - SocketRocket (= 0.7.0)
    - Yoga
  - React-Core/RCTWebSocket (0.74.3):
    - glog
    - hermes-engine
    - RCT-Folly (= 2024.01.01.00)
    - RCTDeprecation
    - React-Core/Default (= 0.74.3)
    - React-cxxreact
    - React-featureflags
    - React-hermes
    - React-jsi
    - React-jsiexecutor
    - React-jsinspector
    - React-perflogger
    - React-runtimescheduler
    - React-utils
    - SocketRocket (= 0.7.0)
    - Yoga
  - React-CoreModules (0.74.3):
    - DoubleConversion
    - fmt (= 9.1.0)
    - RCT-Folly (= 2024.01.01.00)
    - RCTTypeSafety (= 0.74.3)
    - React-Codegen
    - React-Core/CoreModulesHeaders (= 0.74.3)
    - React-jsi (= 0.74.3)
    - React-jsinspector
    - React-NativeModulesApple
    - React-RCTBlob
    - React-RCTImage (= 0.74.3)
    - ReactCommon
    - SocketRocket (= 0.7.0)
  - React-cxxreact (0.74.3):
    - boost (= 1.83.0)
    - DoubleConversion
    - fmt (= 9.1.0)
    - glog
    - hermes-engine
    - RCT-Folly (= 2024.01.01.00)
    - React-callinvoker (= 0.74.3)
    - React-debug (= 0.74.3)
    - React-jsi (= 0.74.3)
    - React-jsinspector
    - React-logger (= 0.74.3)
    - React-perflogger (= 0.74.3)
    - React-runtimeexecutor (= 0.74.3)
  - React-debug (0.74.3)
  - React-Fabric (0.74.3):
    - DoubleConversion
    - fmt (= 9.1.0)
    - glog
    - hermes-engine
    - RCT-Folly/Fabric (= 2024.01.01.00)
    - RCTRequired
    - RCTTypeSafety
    - React-Core
    - React-cxxreact
    - React-debug
    - React-Fabric/animations (= 0.74.3)
    - React-Fabric/attributedstring (= 0.74.3)
    - React-Fabric/componentregistry (= 0.74.3)
    - React-Fabric/componentregistrynative (= 0.74.3)
    - React-Fabric/components (= 0.74.3)
    - React-Fabric/core (= 0.74.3)
    - React-Fabric/imagemanager (= 0.74.3)
    - React-Fabric/leakchecker (= 0.74.3)
    - React-Fabric/mounting (= 0.74.3)
    - React-Fabric/scheduler (= 0.74.3)
    - React-Fabric/telemetry (= 0.74.3)
    - React-Fabric/templateprocessor (= 0.74.3)
    - React-Fabric/textlayoutmanager (= 0.74.3)
    - React-Fabric/uimanager (= 0.74.3)
    - React-graphics
    - React-jsi
    - React-jsiexecutor
    - React-logger
    - React-rendererdebug
    - React-runtimescheduler
    - React-utils
    - ReactCommon/turbomodule/core
  - React-Fabric/animations (0.74.3):
    - DoubleConversion
    - fmt (= 9.1.0)
    - glog
    - hermes-engine
    - RCT-Folly/Fabric (= 2024.01.01.00)
    - RCTRequired
    - RCTTypeSafety
    - React-Core
    - React-cxxreact
    - React-debug
    - React-graphics
    - React-jsi
    - React-jsiexecutor
    - React-logger
    - React-rendererdebug
    - React-runtimescheduler
    - React-utils
    - ReactCommon/turbomodule/core
  - React-Fabric/attributedstring (0.74.3):
    - DoubleConversion
    - fmt (= 9.1.0)
    - glog
    - hermes-engine
    - RCT-Folly/Fabric (= 2024.01.01.00)
    - RCTRequired
    - RCTTypeSafety
    - React-Core
    - React-cxxreact
    - React-debug
    - React-graphics
    - React-jsi
    - React-jsiexecutor
    - React-logger
    - React-rendererdebug
    - React-runtimescheduler
    - React-utils
    - ReactCommon/turbomodule/core
  - React-Fabric/componentregistry (0.74.3):
    - DoubleConversion
    - fmt (= 9.1.0)
    - glog
    - hermes-engine
    - RCT-Folly/Fabric (= 2024.01.01.00)
    - RCTRequired
    - RCTTypeSafety
    - React-Core
    - React-cxxreact
    - React-debug
    - React-graphics
    - React-jsi
    - React-jsiexecutor
    - React-logger
    - React-rendererdebug
    - React-runtimescheduler
    - React-utils
    - ReactCommon/turbomodule/core
  - React-Fabric/componentregistrynative (0.74.3):
    - DoubleConversion
    - fmt (= 9.1.0)
    - glog
    - hermes-engine
    - RCT-Folly/Fabric (= 2024.01.01.00)
    - RCTRequired
    - RCTTypeSafety
    - React-Core
    - React-cxxreact
    - React-debug
    - React-graphics
    - React-jsi
    - React-jsiexecutor
    - React-logger
    - React-rendererdebug
    - React-runtimescheduler
    - React-utils
    - ReactCommon/turbomodule/core
  - React-Fabric/components (0.74.3):
    - DoubleConversion
    - fmt (= 9.1.0)
    - glog
    - hermes-engine
    - RCT-Folly/Fabric (= 2024.01.01.00)
    - RCTRequired
    - RCTTypeSafety
    - React-Core
    - React-cxxreact
    - React-debug
    - React-Fabric/components/inputaccessory (= 0.74.3)
    - React-Fabric/components/legacyviewmanagerinterop (= 0.74.3)
    - React-Fabric/components/modal (= 0.74.3)
    - React-Fabric/components/rncore (= 0.74.3)
    - React-Fabric/components/root (= 0.74.3)
    - React-Fabric/components/safeareaview (= 0.74.3)
    - React-Fabric/components/scrollview (= 0.74.3)
    - React-Fabric/components/text (= 0.74.3)
    - React-Fabric/components/textinput (= 0.74.3)
    - React-Fabric/components/unimplementedview (= 0.74.3)
    - React-Fabric/components/view (= 0.74.3)
    - React-graphics
    - React-jsi
    - React-jsiexecutor
    - React-logger
    - React-rendererdebug
    - React-runtimescheduler
    - React-utils
    - ReactCommon/turbomodule/core
  - React-Fabric/components/inputaccessory (0.74.3):
    - DoubleConversion
    - fmt (= 9.1.0)
    - glog
    - hermes-engine
    - RCT-Folly/Fabric (= 2024.01.01.00)
    - RCTRequired
    - RCTTypeSafety
    - React-Core
    - React-cxxreact
    - React-debug
    - React-graphics
    - React-jsi
    - React-jsiexecutor
    - React-logger
    - React-rendererdebug
    - React-runtimescheduler
    - React-utils
    - ReactCommon/turbomodule/core
  - React-Fabric/components/legacyviewmanagerinterop (0.74.3):
    - DoubleConversion
    - fmt (= 9.1.0)
    - glog
    - hermes-engine
    - RCT-Folly/Fabric (= 2024.01.01.00)
    - RCTRequired
    - RCTTypeSafety
    - React-Core
    - React-cxxreact
    - React-debug
    - React-graphics
    - React-jsi
    - React-jsiexecutor
    - React-logger
    - React-rendererdebug
    - React-runtimescheduler
    - React-utils
    - ReactCommon/turbomodule/core
  - React-Fabric/components/modal (0.74.3):
    - DoubleConversion
    - fmt (= 9.1.0)
    - glog
    - hermes-engine
    - RCT-Folly/Fabric (= 2024.01.01.00)
    - RCTRequired
    - RCTTypeSafety
    - React-Core
    - React-cxxreact
    - React-debug
    - React-graphics
    - React-jsi
    - React-jsiexecutor
    - React-logger
    - React-rendererdebug
    - React-runtimescheduler
    - React-utils
    - ReactCommon/turbomodule/core
  - React-Fabric/components/rncore (0.74.3):
    - DoubleConversion
    - fmt (= 9.1.0)
    - glog
    - hermes-engine
    - RCT-Folly/Fabric (= 2024.01.01.00)
    - RCTRequired
    - RCTTypeSafety
    - React-Core
    - React-cxxreact
    - React-debug
    - React-graphics
    - React-jsi
    - React-jsiexecutor
    - React-logger
    - React-rendererdebug
    - React-runtimescheduler
    - React-utils
    - ReactCommon/turbomodule/core
  - React-Fabric/components/root (0.74.3):
    - DoubleConversion
    - fmt (= 9.1.0)
    - glog
    - hermes-engine
    - RCT-Folly/Fabric (= 2024.01.01.00)
    - RCTRequired
    - RCTTypeSafety
    - React-Core
    - React-cxxreact
    - React-debug
    - React-graphics
    - React-jsi
    - React-jsiexecutor
    - React-logger
    - React-rendererdebug
    - React-runtimescheduler
    - React-utils
    - ReactCommon/turbomodule/core
  - React-Fabric/components/safeareaview (0.74.3):
    - DoubleConversion
    - fmt (= 9.1.0)
    - glog
    - hermes-engine
    - RCT-Folly/Fabric (= 2024.01.01.00)
    - RCTRequired
    - RCTTypeSafety
    - React-Core
    - React-cxxreact
    - React-debug
    - React-graphics
    - React-jsi
    - React-jsiexecutor
    - React-logger
    - React-rendererdebug
    - React-runtimescheduler
    - React-utils
    - ReactCommon/turbomodule/core
  - React-Fabric/components/scrollview (0.74.3):
    - DoubleConversion
    - fmt (= 9.1.0)
    - glog
    - hermes-engine
    - RCT-Folly/Fabric (= 2024.01.01.00)
    - RCTRequired
    - RCTTypeSafety
    - React-Core
    - React-cxxreact
    - React-debug
    - React-graphics
    - React-jsi
    - React-jsiexecutor
    - React-logger
    - React-rendererdebug
    - React-runtimescheduler
    - React-utils
    - ReactCommon/turbomodule/core
  - React-Fabric/components/text (0.74.3):
    - DoubleConversion
    - fmt (= 9.1.0)
    - glog
    - hermes-engine
    - RCT-Folly/Fabric (= 2024.01.01.00)
    - RCTRequired
    - RCTTypeSafety
    - React-Core
    - React-cxxreact
    - React-debug
    - React-graphics
    - React-jsi
    - React-jsiexecutor
    - React-logger
    - React-rendererdebug
    - React-runtimescheduler
    - React-utils
    - ReactCommon/turbomodule/core
  - React-Fabric/components/textinput (0.74.3):
    - DoubleConversion
    - fmt (= 9.1.0)
    - glog
    - hermes-engine
    - RCT-Folly/Fabric (= 2024.01.01.00)
    - RCTRequired
    - RCTTypeSafety
    - React-Core
    - React-cxxreact
    - React-debug
    - React-graphics
    - React-jsi
    - React-jsiexecutor
    - React-logger
    - React-rendererdebug
    - React-runtimescheduler
    - React-utils
    - ReactCommon/turbomodule/core
  - React-Fabric/components/unimplementedview (0.74.3):
    - DoubleConversion
    - fmt (= 9.1.0)
    - glog
    - hermes-engine
    - RCT-Folly/Fabric (= 2024.01.01.00)
    - RCTRequired
    - RCTTypeSafety
    - React-Core
    - React-cxxreact
    - React-debug
    - React-graphics
    - React-jsi
    - React-jsiexecutor
    - React-logger
    - React-rendererdebug
    - React-runtimescheduler
    - React-utils
    - ReactCommon/turbomodule/core
  - React-Fabric/components/view (0.74.3):
    - DoubleConversion
    - fmt (= 9.1.0)
    - glog
    - hermes-engine
    - RCT-Folly/Fabric (= 2024.01.01.00)
    - RCTRequired
    - RCTTypeSafety
    - React-Core
    - React-cxxreact
    - React-debug
    - React-graphics
    - React-jsi
    - React-jsiexecutor
    - React-logger
    - React-rendererdebug
    - React-runtimescheduler
    - React-utils
    - ReactCommon/turbomodule/core
    - Yoga
  - React-Fabric/core (0.74.3):
    - DoubleConversion
    - fmt (= 9.1.0)
    - glog
    - hermes-engine
    - RCT-Folly/Fabric (= 2024.01.01.00)
    - RCTRequired
    - RCTTypeSafety
    - React-Core
    - React-cxxreact
    - React-debug
    - React-graphics
    - React-jsi
    - React-jsiexecutor
    - React-logger
    - React-rendererdebug
    - React-runtimescheduler
    - React-utils
    - ReactCommon/turbomodule/core
  - React-Fabric/imagemanager (0.74.3):
    - DoubleConversion
    - fmt (= 9.1.0)
    - glog
    - hermes-engine
    - RCT-Folly/Fabric (= 2024.01.01.00)
    - RCTRequired
    - RCTTypeSafety
    - React-Core
    - React-cxxreact
    - React-debug
    - React-graphics
    - React-jsi
    - React-jsiexecutor
    - React-logger
    - React-rendererdebug
    - React-runtimescheduler
    - React-utils
    - ReactCommon/turbomodule/core
  - React-Fabric/leakchecker (0.74.3):
    - DoubleConversion
    - fmt (= 9.1.0)
    - glog
    - hermes-engine
    - RCT-Folly/Fabric (= 2024.01.01.00)
    - RCTRequired
    - RCTTypeSafety
    - React-Core
    - React-cxxreact
    - React-debug
    - React-graphics
    - React-jsi
    - React-jsiexecutor
    - React-logger
    - React-rendererdebug
    - React-runtimescheduler
    - React-utils
    - ReactCommon/turbomodule/core
  - React-Fabric/mounting (0.74.3):
    - DoubleConversion
    - fmt (= 9.1.0)
    - glog
    - hermes-engine
    - RCT-Folly/Fabric (= 2024.01.01.00)
    - RCTRequired
    - RCTTypeSafety
    - React-Core
    - React-cxxreact
    - React-debug
    - React-graphics
    - React-jsi
    - React-jsiexecutor
    - React-logger
    - React-rendererdebug
    - React-runtimescheduler
    - React-utils
    - ReactCommon/turbomodule/core
  - React-Fabric/scheduler (0.74.3):
    - DoubleConversion
    - fmt (= 9.1.0)
    - glog
    - hermes-engine
    - RCT-Folly/Fabric (= 2024.01.01.00)
    - RCTRequired
    - RCTTypeSafety
    - React-Core
    - React-cxxreact
    - React-debug
    - React-graphics
    - React-jsi
    - React-jsiexecutor
    - React-logger
    - React-rendererdebug
    - React-runtimescheduler
    - React-utils
    - ReactCommon/turbomodule/core
  - React-Fabric/telemetry (0.74.3):
    - DoubleConversion
    - fmt (= 9.1.0)
    - glog
    - hermes-engine
    - RCT-Folly/Fabric (= 2024.01.01.00)
    - RCTRequired
    - RCTTypeSafety
    - React-Core
    - React-cxxreact
    - React-debug
    - React-graphics
    - React-jsi
    - React-jsiexecutor
    - React-logger
    - React-rendererdebug
    - React-runtimescheduler
    - React-utils
    - ReactCommon/turbomodule/core
  - React-Fabric/templateprocessor (0.74.3):
    - DoubleConversion
    - fmt (= 9.1.0)
    - glog
    - hermes-engine
    - RCT-Folly/Fabric (= 2024.01.01.00)
    - RCTRequired
    - RCTTypeSafety
    - React-Core
    - React-cxxreact
    - React-debug
    - React-graphics
    - React-jsi
    - React-jsiexecutor
    - React-logger
    - React-rendererdebug
    - React-runtimescheduler
    - React-utils
    - ReactCommon/turbomodule/core
  - React-Fabric/textlayoutmanager (0.74.3):
    - DoubleConversion
    - fmt (= 9.1.0)
    - glog
    - hermes-engine
    - RCT-Folly/Fabric (= 2024.01.01.00)
    - RCTRequired
    - RCTTypeSafety
    - React-Core
    - React-cxxreact
    - React-debug
    - React-Fabric/uimanager
    - React-graphics
    - React-jsi
    - React-jsiexecutor
    - React-logger
    - React-rendererdebug
    - React-runtimescheduler
    - React-utils
    - ReactCommon/turbomodule/core
  - React-Fabric/uimanager (0.74.3):
    - DoubleConversion
    - fmt (= 9.1.0)
    - glog
    - hermes-engine
    - RCT-Folly/Fabric (= 2024.01.01.00)
    - RCTRequired
    - RCTTypeSafety
    - React-Core
    - React-cxxreact
    - React-debug
    - React-graphics
    - React-jsi
    - React-jsiexecutor
    - React-logger
    - React-rendererdebug
    - React-runtimescheduler
    - React-utils
    - ReactCommon/turbomodule/core
  - React-FabricImage (0.74.3):
    - DoubleConversion
    - fmt (= 9.1.0)
    - glog
    - hermes-engine
    - RCT-Folly/Fabric (= 2024.01.01.00)
    - RCTRequired (= 0.74.3)
    - RCTTypeSafety (= 0.74.3)
    - React-Fabric
    - React-graphics
    - React-ImageManager
    - React-jsi
    - React-jsiexecutor (= 0.74.3)
    - React-logger
    - React-rendererdebug
    - React-utils
    - ReactCommon
    - Yoga
  - React-featureflags (0.74.3)
  - React-graphics (0.74.3):
    - DoubleConversion
    - fmt (= 9.1.0)
    - glog
    - RCT-Folly/Fabric (= 2024.01.01.00)
    - React-Core/Default (= 0.74.3)
    - React-utils
  - React-hermes (0.74.3):
    - DoubleConversion
    - fmt (= 9.1.0)
    - glog
    - hermes-engine
    - RCT-Folly (= 2024.01.01.00)
    - React-cxxreact (= 0.74.3)
    - React-jsi
    - React-jsiexecutor (= 0.74.3)
    - React-jsinspector
    - React-perflogger (= 0.74.3)
    - React-runtimeexecutor
  - React-ImageManager (0.74.3):
    - glog
    - RCT-Folly/Fabric
    - React-Core/Default
    - React-debug
    - React-Fabric
    - React-graphics
    - React-rendererdebug
    - React-utils
  - React-jserrorhandler (0.74.3):
    - RCT-Folly/Fabric (= 2024.01.01.00)
    - React-debug
    - React-jsi
    - React-Mapbuffer
  - React-jsi (0.74.3):
    - boost (= 1.83.0)
    - DoubleConversion
    - fmt (= 9.1.0)
    - glog
    - hermes-engine
    - RCT-Folly (= 2024.01.01.00)
  - React-jsiexecutor (0.74.3):
    - DoubleConversion
    - fmt (= 9.1.0)
    - glog
    - hermes-engine
    - RCT-Folly (= 2024.01.01.00)
    - React-cxxreact (= 0.74.3)
    - React-jsi (= 0.74.3)
    - React-jsinspector
    - React-perflogger (= 0.74.3)
  - React-jsinspector (0.74.3):
    - DoubleConversion
    - glog
    - hermes-engine
    - RCT-Folly (= 2024.01.01.00)
    - React-featureflags
    - React-jsi
    - React-runtimeexecutor (= 0.74.3)
  - React-jsitracing (0.74.3):
    - React-jsi
  - React-logger (0.74.3):
    - glog
  - React-Mapbuffer (0.74.3):
    - glog
    - React-debug
  - react-native-config (1.5.3):
    - react-native-config/App (= 1.5.3)
  - react-native-config/App (1.5.3):
    - React-Core
  - react-native-document-picker (8.2.2):
    - React-Core
  - react-native-geolocation-service (5.3.1):
    - React
  - react-native-netinfo (9.5.0):
    - React-Core
  - react-native-onesignal (4.5.4):
    - OneSignalXCFramework (= 3.12.10)
    - React (< 1.0.0, >= 0.13.0)
  - react-native-safe-area-context (4.14.1):
    - React-Core
  - react-native-splash-screen (3.3.0):
    - React-Core
  - React-nativeconfig (0.74.3)
  - React-NativeModulesApple (0.74.3):
    - glog
    - hermes-engine
    - React-callinvoker
    - React-Core
    - React-cxxreact
    - React-jsi
    - React-jsinspector
    - React-runtimeexecutor
    - ReactCommon/turbomodule/bridging
    - ReactCommon/turbomodule/core
  - React-perflogger (0.74.3)
  - React-RCTActionSheet (0.74.3):
    - React-Core/RCTActionSheetHeaders (= 0.74.3)
  - React-RCTAnimation (0.74.3):
    - RCT-Folly (= 2024.01.01.00)
    - RCTTypeSafety
    - React-Codegen
    - React-Core/RCTAnimationHeaders
    - React-jsi
    - React-NativeModulesApple
    - ReactCommon
  - React-RCTAppDelegate (0.74.3):
    - RCT-Folly (= 2024.01.01.00)
    - RCTRequired
    - RCTTypeSafety
    - React-Codegen
    - React-Core
    - React-CoreModules
    - React-debug
    - React-Fabric
    - React-featureflags
    - React-graphics
    - React-hermes
    - React-nativeconfig
    - React-NativeModulesApple
    - React-RCTFabric
    - React-RCTImage
    - React-RCTNetwork
    - React-rendererdebug
    - React-RuntimeApple
    - React-RuntimeCore
    - React-RuntimeHermes
    - React-runtimescheduler
    - React-utils
    - ReactCommon
  - React-RCTBlob (0.74.3):
    - DoubleConversion
    - fmt (= 9.1.0)
    - hermes-engine
    - RCT-Folly (= 2024.01.01.00)
    - React-Codegen
    - React-Core/RCTBlobHeaders
    - React-Core/RCTWebSocket
    - React-jsi
    - React-jsinspector
    - React-NativeModulesApple
    - React-RCTNetwork
    - ReactCommon
  - React-RCTFabric (0.74.3):
    - glog
    - hermes-engine
    - RCT-Folly/Fabric (= 2024.01.01.00)
    - React-Core
    - React-debug
    - React-Fabric
    - React-FabricImage
    - React-featureflags
    - React-graphics
    - React-ImageManager
    - React-jsi
    - React-jsinspector
    - React-nativeconfig
    - React-RCTImage
    - React-RCTText
    - React-rendererdebug
    - React-runtimescheduler
    - React-utils
    - Yoga
  - React-RCTImage (0.74.3):
    - RCT-Folly (= 2024.01.01.00)
    - RCTTypeSafety
    - React-Codegen
    - React-Core/RCTImageHeaders
    - React-jsi
    - React-NativeModulesApple
    - React-RCTNetwork
    - ReactCommon
  - React-RCTLinking (0.74.3):
    - React-Codegen
    - React-Core/RCTLinkingHeaders (= 0.74.3)
    - React-jsi (= 0.74.3)
    - React-NativeModulesApple
    - ReactCommon
    - ReactCommon/turbomodule/core (= 0.74.3)
  - React-RCTNetwork (0.74.3):
    - RCT-Folly (= 2024.01.01.00)
    - RCTTypeSafety
    - React-Codegen
    - React-Core/RCTNetworkHeaders
    - React-jsi
    - React-NativeModulesApple
    - ReactCommon
  - React-RCTSettings (0.74.3):
    - RCT-Folly (= 2024.01.01.00)
    - RCTTypeSafety
    - React-Codegen
    - React-Core/RCTSettingsHeaders
    - React-jsi
    - React-NativeModulesApple
    - ReactCommon
  - React-RCTText (0.74.3):
    - React-Core/RCTTextHeaders (= 0.74.3)
    - Yoga
  - React-RCTVibration (0.74.3):
    - RCT-Folly (= 2024.01.01.00)
    - React-Codegen
    - React-Core/RCTVibrationHeaders
    - React-jsi
    - React-NativeModulesApple
    - ReactCommon
  - React-rendererdebug (0.74.3):
    - DoubleConversion
    - fmt (= 9.1.0)
    - RCT-Folly (= 2024.01.01.00)
    - React-debug
  - React-rncore (0.74.3)
  - React-RuntimeApple (0.74.3):
    - hermes-engine
    - RCT-Folly/Fabric (= 2024.01.01.00)
    - React-callinvoker
    - React-Core/Default
    - React-CoreModules
    - React-cxxreact
    - React-jserrorhandler
    - React-jsi
    - React-jsiexecutor
    - React-jsinspector
    - React-Mapbuffer
    - React-NativeModulesApple
    - React-RCTFabric
    - React-RuntimeCore
    - React-runtimeexecutor
    - React-RuntimeHermes
    - React-utils
  - React-RuntimeCore (0.74.3):
    - glog
    - hermes-engine
    - RCT-Folly/Fabric (= 2024.01.01.00)
    - React-cxxreact
    - React-featureflags
    - React-jserrorhandler
    - React-jsi
    - React-jsiexecutor
    - React-jsinspector
    - React-runtimeexecutor
    - React-runtimescheduler
    - React-utils
  - React-runtimeexecutor (0.74.3):
    - React-jsi (= 0.74.3)
  - React-RuntimeHermes (0.74.3):
    - hermes-engine
    - RCT-Folly/Fabric (= 2024.01.01.00)
    - React-featureflags
    - React-hermes
    - React-jsi
    - React-jsinspector
    - React-jsitracing
    - React-nativeconfig
    - React-RuntimeCore
    - React-utils
  - React-runtimescheduler (0.74.3):
    - glog
    - hermes-engine
    - RCT-Folly (= 2024.01.01.00)
    - React-callinvoker
    - React-cxxreact
    - React-debug
    - React-featureflags
    - React-jsi
    - React-rendererdebug
    - React-runtimeexecutor
    - React-utils
  - React-utils (0.74.3):
    - glog
    - hermes-engine
    - RCT-Folly (= 2024.01.01.00)
    - React-debug
    - React-jsi (= 0.74.3)
  - ReactCommon (0.74.3):
    - ReactCommon/turbomodule (= 0.74.3)
  - ReactCommon/turbomodule (0.74.3):
    - DoubleConversion
    - fmt (= 9.1.0)
    - glog
    - hermes-engine
    - RCT-Folly (= 2024.01.01.00)
    - React-callinvoker (= 0.74.3)
    - React-cxxreact (= 0.74.3)
    - React-jsi (= 0.74.3)
    - React-logger (= 0.74.3)
    - React-perflogger (= 0.74.3)
    - ReactCommon/turbomodule/bridging (= 0.74.3)
    - ReactCommon/turbomodule/core (= 0.74.3)
  - ReactCommon/turbomodule/bridging (0.74.3):
    - DoubleConversion
    - fmt (= 9.1.0)
    - glog
    - hermes-engine
    - RCT-Folly (= 2024.01.01.00)
    - React-callinvoker (= 0.74.3)
    - React-cxxreact (= 0.74.3)
    - React-jsi (= 0.74.3)
    - React-logger (= 0.74.3)
    - React-perflogger (= 0.74.3)
  - ReactCommon/turbomodule/core (0.74.3):
    - DoubleConversion
    - fmt (= 9.1.0)
    - glog
    - hermes-engine
    - RCT-Folly (= 2024.01.01.00)
    - React-callinvoker (= 0.74.3)
    - React-cxxreact (= 0.74.3)
    - React-debug (= 0.74.3)
    - React-jsi (= 0.74.3)
    - React-logger (= 0.74.3)
    - React-perflogger (= 0.74.3)
    - React-utils (= 0.74.3)
  - RNCAsyncStorage (1.24.0):
    - React-Core
  - RNCClipboard (1.16.1):
    - React-Core
  - RNDeviceInfo (10.14.0):
    - React-Core
  - RNFS (2.20.0):
    - React-Core
  - rnmapbox-maps (10.1.33):
    - MapboxMaps (~> 10.19.0)
    - React
    - React-Core
    - rnmapbox-maps/DynamicLibrary (= 10.1.33)
    - Turf
  - rnmapbox-maps/DynamicLibrary (10.1.33):
    - MapboxMaps (~> 10.19.0)
    - React
    - React-Core
    - Turf
  - RNScreens (3.35.0):
    - DoubleConversion
    - glog
    - hermes-engine
    - RCT-Folly (= 2024.01.01.00)
    - RCTRequired
    - RCTTypeSafety
    - React-Codegen
    - React-Core
    - React-debug
    - React-Fabric
    - React-featureflags
    - React-graphics
    - React-ImageManager
    - React-NativeModulesApple
    - React-RCTFabric
    - React-RCTImage
    - React-rendererdebug
    - React-utils
    - ReactCommon/turbomodule/bridging
    - ReactCommon/turbomodule/core
    - Yoga
  - RNSVG (13.14.1):
    - React-Core
  - SimpleKeychain (1.1.0)
  - SocketRocket (0.7.0)
  - Turf (2.8.0)
  - Yoga (0.0.0)

DEPENDENCIES:
  - A0Auth0 (from `../../../node_modules/react-native-auth0`)
  - boost (from `../../../node_modules/react-native/third-party-podspecs/boost.podspec`)
  - BVLinearGradient (from `../../../node_modules/react-native-linear-gradient`)
  - DoubleConversion (from `../../../node_modules/react-native/third-party-podspecs/DoubleConversion.podspec`)
  - FBLazyVector (from `../../../node_modules/react-native/Libraries/FBLazyVector`)
  - fmt (from `../../../node_modules/react-native/third-party-podspecs/fmt.podspec`)
  - glog (from `../../../node_modules/react-native/third-party-podspecs/glog.podspec`)
  - hermes-engine (from `../../../node_modules/react-native/sdks/hermes-engine/hermes-engine.podspec`)
  - lottie-react-native (from `../../../node_modules/lottie-react-native`)
  - OneSignalXCFramework (< 4.0, >= 3.0)
  - RCT-Folly (from `../../../node_modules/react-native/third-party-podspecs/RCT-Folly.podspec`)
  - RCT-Folly/Fabric (from `../../../node_modules/react-native/third-party-podspecs/RCT-Folly.podspec`)
  - RCTDeprecation (from `../../../node_modules/react-native/ReactApple/Libraries/RCTFoundation/RCTDeprecation`)
  - RCTRequired (from `../../../node_modules/react-native/Libraries/Required`)
  - RCTTypeSafety (from `../../../node_modules/react-native/Libraries/TypeSafety`)
  - React (from `../../../node_modules/react-native/`)
  - React-callinvoker (from `../../../node_modules/react-native/ReactCommon/callinvoker`)
  - React-Codegen (from `build/generated/ios`)
  - React-Core (from `../../../node_modules/react-native/`)
  - React-Core/RCTWebSocket (from `../../../node_modules/react-native/`)
  - React-CoreModules (from `../../../node_modules/react-native/React/CoreModules`)
  - React-cxxreact (from `../../../node_modules/react-native/ReactCommon/cxxreact`)
  - React-debug (from `../../../node_modules/react-native/ReactCommon/react/debug`)
  - React-Fabric (from `../../../node_modules/react-native/ReactCommon`)
  - React-FabricImage (from `../../../node_modules/react-native/ReactCommon`)
  - React-featureflags (from `../../../node_modules/react-native/ReactCommon/react/featureflags`)
  - React-graphics (from `../../../node_modules/react-native/ReactCommon/react/renderer/graphics`)
  - React-hermes (from `../../../node_modules/react-native/ReactCommon/hermes`)
  - React-ImageManager (from `../../../node_modules/react-native/ReactCommon/react/renderer/imagemanager/platform/ios`)
  - React-jserrorhandler (from `../../../node_modules/react-native/ReactCommon/jserrorhandler`)
  - React-jsi (from `../../../node_modules/react-native/ReactCommon/jsi`)
  - React-jsiexecutor (from `../../../node_modules/react-native/ReactCommon/jsiexecutor`)
  - React-jsinspector (from `../../../node_modules/react-native/ReactCommon/jsinspector-modern`)
  - React-jsitracing (from `../../../node_modules/react-native/ReactCommon/hermes/executor/`)
  - React-logger (from `../../../node_modules/react-native/ReactCommon/logger`)
  - React-Mapbuffer (from `../../../node_modules/react-native/ReactCommon`)
  - react-native-config (from `../../../node_modules/react-native-config`)
  - react-native-document-picker (from `../../../node_modules/react-native-document-picker`)
  - react-native-geolocation-service (from `../../../node_modules/react-native-geolocation-service`)
  - "react-native-netinfo (from `../../../node_modules/@react-native-community/netinfo`)"
  - react-native-onesignal (from `../../../node_modules/react-native-onesignal`)
  - react-native-safe-area-context (from `../../../node_modules/react-native-safe-area-context`)
  - react-native-splash-screen (from `../../../node_modules/react-native-splash-screen`)
  - React-nativeconfig (from `../../../node_modules/react-native/ReactCommon`)
  - React-NativeModulesApple (from `../../../node_modules/react-native/ReactCommon/react/nativemodule/core/platform/ios`)
  - React-perflogger (from `../../../node_modules/react-native/ReactCommon/reactperflogger`)
  - React-RCTActionSheet (from `../../../node_modules/react-native/Libraries/ActionSheetIOS`)
  - React-RCTAnimation (from `../../../node_modules/react-native/Libraries/NativeAnimation`)
  - React-RCTAppDelegate (from `../../../node_modules/react-native/Libraries/AppDelegate`)
  - React-RCTBlob (from `../../../node_modules/react-native/Libraries/Blob`)
  - React-RCTFabric (from `../../../node_modules/react-native/React`)
  - React-RCTImage (from `../../../node_modules/react-native/Libraries/Image`)
  - React-RCTLinking (from `../../../node_modules/react-native/Libraries/LinkingIOS`)
  - React-RCTNetwork (from `../../../node_modules/react-native/Libraries/Network`)
  - React-RCTSettings (from `../../../node_modules/react-native/Libraries/Settings`)
  - React-RCTText (from `../../../node_modules/react-native/Libraries/Text`)
  - React-RCTVibration (from `../../../node_modules/react-native/Libraries/Vibration`)
  - React-rendererdebug (from `../../../node_modules/react-native/ReactCommon/react/renderer/debug`)
  - React-rncore (from `../../../node_modules/react-native/ReactCommon`)
  - React-RuntimeApple (from `../../../node_modules/react-native/ReactCommon/react/runtime/platform/ios`)
  - React-RuntimeCore (from `../../../node_modules/react-native/ReactCommon/react/runtime`)
  - React-runtimeexecutor (from `../../../node_modules/react-native/ReactCommon/runtimeexecutor`)
  - React-RuntimeHermes (from `../../../node_modules/react-native/ReactCommon/react/runtime`)
  - React-runtimescheduler (from `../../../node_modules/react-native/ReactCommon/react/renderer/runtimescheduler`)
  - React-utils (from `../../../node_modules/react-native/ReactCommon/react/utils`)
  - ReactCommon/turbomodule/core (from `../../../node_modules/react-native/ReactCommon`)
  - "RNCAsyncStorage (from `../../../node_modules/@react-native-async-storage/async-storage`)"
  - "RNCClipboard (from `../../../node_modules/@react-native-clipboard/clipboard`)"
  - RNDeviceInfo (from `../../../node_modules/react-native-device-info`)
  - RNFS (from `../../../node_modules/react-native-fs`)
  - "rnmapbox-maps (from `../../../node_modules/@rnmapbox/maps`)"
  - RNScreens (from `../../../node_modules/react-native-screens`)
  - RNSVG (from `../../../node_modules/react-native-svg`)
  - Yoga (from `../../../node_modules/react-native/ReactCommon/yoga`)

SPEC REPOS:
  trunk:
    - Auth0
    - JWTDecode
    - lottie-ios
    - MapboxCommon
    - MapboxCoreMaps
    - MapboxMaps
    - MapboxMobileEvents
    - OneSignalXCFramework
    - SimpleKeychain
    - SocketRocket
    - Turf

EXTERNAL SOURCES:
  A0Auth0:
    :path: "../../../node_modules/react-native-auth0"
  boost:
    :podspec: "../../../node_modules/react-native/third-party-podspecs/boost.podspec"
  BVLinearGradient:
    :path: "../../../node_modules/react-native-linear-gradient"
  DoubleConversion:
    :podspec: "../../../node_modules/react-native/third-party-podspecs/DoubleConversion.podspec"
  FBLazyVector:
    :path: "../../../node_modules/react-native/Libraries/FBLazyVector"
  fmt:
    :podspec: "../../../node_modules/react-native/third-party-podspecs/fmt.podspec"
  glog:
    :podspec: "../../../node_modules/react-native/third-party-podspecs/glog.podspec"
  hermes-engine:
    :podspec: "../../../node_modules/react-native/sdks/hermes-engine/hermes-engine.podspec"
    :tag: hermes-2024-06-28-RNv0.74.3-7bda0c267e76d11b68a585f84cfdd65000babf85
  lottie-react-native:
    :path: "../../../node_modules/lottie-react-native"
  RCT-Folly:
    :podspec: "../../../node_modules/react-native/third-party-podspecs/RCT-Folly.podspec"
  RCTDeprecation:
    :path: "../../../node_modules/react-native/ReactApple/Libraries/RCTFoundation/RCTDeprecation"
  RCTRequired:
    :path: "../../../node_modules/react-native/Libraries/Required"
  RCTTypeSafety:
    :path: "../../../node_modules/react-native/Libraries/TypeSafety"
  React:
    :path: "../../../node_modules/react-native/"
  React-callinvoker:
    :path: "../../../node_modules/react-native/ReactCommon/callinvoker"
  React-Codegen:
    :path: build/generated/ios
  React-Core:
    :path: "../../../node_modules/react-native/"
  React-CoreModules:
    :path: "../../../node_modules/react-native/React/CoreModules"
  React-cxxreact:
    :path: "../../../node_modules/react-native/ReactCommon/cxxreact"
  React-debug:
    :path: "../../../node_modules/react-native/ReactCommon/react/debug"
  React-Fabric:
    :path: "../../../node_modules/react-native/ReactCommon"
  React-FabricImage:
    :path: "../../../node_modules/react-native/ReactCommon"
  React-featureflags:
    :path: "../../../node_modules/react-native/ReactCommon/react/featureflags"
  React-graphics:
    :path: "../../../node_modules/react-native/ReactCommon/react/renderer/graphics"
  React-hermes:
    :path: "../../../node_modules/react-native/ReactCommon/hermes"
  React-ImageManager:
    :path: "../../../node_modules/react-native/ReactCommon/react/renderer/imagemanager/platform/ios"
  React-jserrorhandler:
    :path: "../../../node_modules/react-native/ReactCommon/jserrorhandler"
  React-jsi:
    :path: "../../../node_modules/react-native/ReactCommon/jsi"
  React-jsiexecutor:
    :path: "../../../node_modules/react-native/ReactCommon/jsiexecutor"
  React-jsinspector:
    :path: "../../../node_modules/react-native/ReactCommon/jsinspector-modern"
  React-jsitracing:
    :path: "../../../node_modules/react-native/ReactCommon/hermes/executor/"
  React-logger:
    :path: "../../../node_modules/react-native/ReactCommon/logger"
  React-Mapbuffer:
    :path: "../../../node_modules/react-native/ReactCommon"
  react-native-config:
    :path: "../../../node_modules/react-native-config"
  react-native-document-picker:
    :path: "../../../node_modules/react-native-document-picker"
  react-native-geolocation-service:
    :path: "../../../node_modules/react-native-geolocation-service"
  react-native-netinfo:
    :path: "../../../node_modules/@react-native-community/netinfo"
  react-native-onesignal:
    :path: "../../../node_modules/react-native-onesignal"
  react-native-safe-area-context:
    :path: "../../../node_modules/react-native-safe-area-context"
  react-native-splash-screen:
    :path: "../../../node_modules/react-native-splash-screen"
  React-nativeconfig:
    :path: "../../../node_modules/react-native/ReactCommon"
  React-NativeModulesApple:
    :path: "../../../node_modules/react-native/ReactCommon/react/nativemodule/core/platform/ios"
  React-perflogger:
    :path: "../../../node_modules/react-native/ReactCommon/reactperflogger"
  React-RCTActionSheet:
    :path: "../../../node_modules/react-native/Libraries/ActionSheetIOS"
  React-RCTAnimation:
    :path: "../../../node_modules/react-native/Libraries/NativeAnimation"
  React-RCTAppDelegate:
    :path: "../../../node_modules/react-native/Libraries/AppDelegate"
  React-RCTBlob:
    :path: "../../../node_modules/react-native/Libraries/Blob"
  React-RCTFabric:
    :path: "../../../node_modules/react-native/React"
  React-RCTImage:
    :path: "../../../node_modules/react-native/Libraries/Image"
  React-RCTLinking:
    :path: "../../../node_modules/react-native/Libraries/LinkingIOS"
  React-RCTNetwork:
    :path: "../../../node_modules/react-native/Libraries/Network"
  React-RCTSettings:
    :path: "../../../node_modules/react-native/Libraries/Settings"
  React-RCTText:
    :path: "../../../node_modules/react-native/Libraries/Text"
  React-RCTVibration:
    :path: "../../../node_modules/react-native/Libraries/Vibration"
  React-rendererdebug:
    :path: "../../../node_modules/react-native/ReactCommon/react/renderer/debug"
  React-rncore:
    :path: "../../../node_modules/react-native/ReactCommon"
  React-RuntimeApple:
    :path: "../../../node_modules/react-native/ReactCommon/react/runtime/platform/ios"
  React-RuntimeCore:
    :path: "../../../node_modules/react-native/ReactCommon/react/runtime"
  React-runtimeexecutor:
    :path: "../../../node_modules/react-native/ReactCommon/runtimeexecutor"
  React-RuntimeHermes:
    :path: "../../../node_modules/react-native/ReactCommon/react/runtime"
  React-runtimescheduler:
    :path: "../../../node_modules/react-native/ReactCommon/react/renderer/runtimescheduler"
  React-utils:
    :path: "../../../node_modules/react-native/ReactCommon/react/utils"
  ReactCommon:
    :path: "../../../node_modules/react-native/ReactCommon"
  RNCAsyncStorage:
    :path: "../../../node_modules/@react-native-async-storage/async-storage"
  RNCClipboard:
    :path: "../../../node_modules/@react-native-clipboard/clipboard"
  RNDeviceInfo:
    :path: "../../../node_modules/react-native-device-info"
  RNFS:
    :path: "../../../node_modules/react-native-fs"
  rnmapbox-maps:
    :path: "../../../node_modules/@rnmapbox/maps"
  RNScreens:
    :path: "../../../node_modules/react-native-screens"
  RNSVG:
    :path: "../../../node_modules/react-native-svg"
  Yoga:
    :path: "../../../node_modules/react-native/ReactCommon/yoga"

SPEC CHECKSUMS:
  A0Auth0: 3e5033500f199020186a42c49020ecd508a72b27
  Auth0: 28cb24cb19ebd51f0b07751f16d83b59f4019532
  boost: d3f49c53809116a5d38da093a8aa78bf551aed09
  BVLinearGradient: cb006ba232a1f3e4f341bb62c42d1098c284da70
  DoubleConversion: 76ab83afb40bddeeee456813d9c04f67f78771b5
  FBLazyVector: 7e977dd099937dc5458851233141583abba49ff2
  fmt: 4c2741a687cc09f0634a2e2c72a838b99f1ff120
  glog: fdfdfe5479092de0c4bdbebedd9056951f092c4f
  hermes-engine: 1f547997900dd0752dc0cc0ae6dd16173c49e09b
  JWTDecode: 3eaab1e06b6f4dcbdd6716aff09ba4c2104ca8b7
  lottie-ios: e047b1d2e6239b787cc5e9755b988869cf190494
  lottie-react-native: 45707364bd70cffa7602fa1a1abb40dee5f3c0e0
  MapboxCommon: 119f3759f7dc9457f0695848108ab323eb643cb4
  MapboxCoreMaps: ca17f67baced23f8c952166ac6314c35bad3f66c
  MapboxMaps: b7f29ec7c33f7dc6d2947c1148edce6db81db9a7
  MapboxMobileEvents: d044b9edbe0ec7df60f6c2c9634fe9a7f449266b
  OneSignalXCFramework: e458f7a374192598a1d66418e1b61481c3cdf0e9
  RCT-Folly: 5dc73daec3476616d19e8a53f0156176f7b55461
  RCTDeprecation: 4c7eeb42be0b2e95195563c49be08d0b839d22b4
  RCTRequired: d530a0f489699c8500e944fde963102c42dcd0c2
  RCTTypeSafety: b20878506b094fa3d9007d7b9e4be0faa3562499
  React: 2f9da0177233f60fa3462d83fcccde245759f81a
  React-callinvoker: d0205f0dcebf72ec27263ab41e3a5ad827ed503f
  React-Codegen: b56a6ac3fb94112c0b9311633e615ce676fc731b
  React-Core: 77ec025801a9c03613ec3744918e5a3d58f96227
  React-CoreModules: dc1e1d2724273ae4594596c4105d15fb2f6a98b0
  React-cxxreact: efa12baf9dbf0170209633acc125e0de5991e335
  React-debug: dd8f7c772fda4196814a3b12620863d1d98b3a53
  React-Fabric: d0ffc842b849a8223f23e6184b99ca6f8bdebf3c
  React-FabricImage: 8f9753fbbfa379b1a74f3bdd9a68ce0ead81305a
  React-featureflags: ead50fe0ee4ab9278b5fd9f3f2f0f63e316452f4
  React-graphics: a2fe5d65b470eb8d6187e4a9791aa71ad68105cb
  React-hermes: 92709612ce5cdce3a2b9e07183e581548101a8d8
  React-ImageManager: b8e0cb2e430c52daf823fb08318ea8cda101d269
  React-jserrorhandler: 39694c5b1cd4c773c89196bcd1e846ae3b8a5bda
  React-jsi: c391df50eb8766c2ea12dba2e3112c77a99b371d
  React-jsiexecutor: 679632acd5792dd8dc6c090b7313b15eccdd9e45
  React-jsinspector: 1bf2fa762cf0e67c5632e5e95c0db180cdbe3bcc
  React-jsitracing: eee70a10f1e17690d33fb46a0989a19657c546a3
  React-logger: bbd09ad59f304e718962b2867534204710873bd9
  React-Mapbuffer: da4470fdf42b2e389efbc4e7af958bf96e921a0b
  react-native-config: ea75335a7cca1d3326de1da384227e580a7c082e
  react-native-document-picker: a338165804b1a14c8e408448115dc0edfd7b73ca
  react-native-geolocation-service: 32b2c2a3b91e70ce2a8d0c684801aaeb0a07e0ec
  react-native-netinfo: 26560022f28c06d8ef00a9ff1e03beefbbb60c2d
  react-native-onesignal: 8d8f7d5e2cc44239fc0ec72fe9c6d27b939870fc
  react-native-safe-area-context: 758e894ca5a9bd1868d2a9cfbca7326a2b6bf9dc
  react-native-splash-screen: 95994222cc95c236bd3cdc59fe45ed5f27969594
  React-nativeconfig: fa5de9d8f4dbd5917358f8ad3ad1e08762f01dcb
  React-NativeModulesApple: 714d4a6ea3c580c31b25ad01f9650b259fad9818
  React-perflogger: 7bb9ba49435ff66b666e7966ee10082508a203e8
  React-RCTActionSheet: a2816ae2b5c8523c2bc18a8f874a724a096e6d97
  React-RCTAnimation: 082083adea9e61f75be6564120e3f266e9dd2040
  React-RCTAppDelegate: 5075f1d00c9353105f5b0906ba477db1dd3f4993
  React-RCTBlob: 43976a6aa15df43b12136de396bd72bdced5eb23
  React-RCTFabric: 5351cfc7d92a1ed66a3fe87fa24fb27db5a5b4d8
  React-RCTImage: 0ed46bd0092e0ca29ed7269831934e32b809a934
  React-RCTLinking: 9eeefa11941ce0faded2c9eb2242f0c96db1e23c
  React-RCTNetwork: ec125edeac233d33638b40361238bfbd698e13f6
  React-RCTSettings: 47195b7e31bba95d38dbdd2c8a1b1fc6d7c1a7f2
  React-RCTText: 14b0bd5b70e058b2b62b47945057602bc67f9e68
  React-RCTVibration: 084119dd03a27c975c382d9b71a48722ee74b2e7
  React-rendererdebug: 94a00e425316b11b2891e3b7a1232c2cd7f4e7ea
  React-rncore: f6c23d9810c8de9e369781bb7b1d5511e9d9f4e7
  React-RuntimeApple: 70840b529724c0f9dae0b9efcc0b05a26495776d
  React-RuntimeCore: f679bc2949b36d7d210f3860360c7e0694fe939c
  React-runtimeexecutor: 69cab8ddf409de6d6a855a71c8af9e7290c4e55b
  React-RuntimeHermes: df3172370e3fbb593189afe23baa9c583cc6c853
  React-runtimescheduler: 444c28666d8e9d275c600fe3a3cc7f014fa86406
  React-utils: 595335727912553f56aad7f580254ce4ca95a09c
  ReactCommon: 57d127dbf2ca045a07604e13f51c8e97ba176e56
  RNCAsyncStorage: b6410dead2732b5c72a7fdb1ecb5651bbcf4674b
  RNCClipboard: ee059e6006b137e369caed5eb852b4aad9f5d886
  RNDeviceInfo: 98bb51ba1519cd3f19f14e7236b5bb1c312c780f
  RNFS: 89de7d7f4c0f6bafa05343c578f61118c8282ed8
  rnmapbox-maps: 42fe0ccc373fe24032aa224736feb4c39a24d604
  RNScreens: 8a3ba045e7e8b5dd1b9a7764496430e17d00dfed
  RNSVG: ae50dd253f44447b32d0f5a3657a97859f289891
  SimpleKeychain: f8707c8e97b38c6a6e687b17732afc9bcef06439
  SocketRocket: abac6f5de4d4d62d24e11868d7a2f427e0ef940d
  Turf: aa2ede4298009639d10db36aba1a7ebaad072a5e
  Yoga: 04f1db30bb810187397fa4c37dd1868a27af229c

PODFILE CHECKSUM: fb764da1da312cb9ae069f3517afbdf83c60286d

COCOAPODS: 1.16.2
